
Microsoft Visual Studio Solution File, Format Version 12.00
# Visual Studio Version 16
VisualStudioVersion = 16.0.30803.129
MinimumVisualStudioVersion = 10.0.40219.1
Project("{9A19103F-16F7-4668-BE54-9A1E7A4F7556}") = "MemoryExtensions", "MemoryExtensions\MemoryExtensions.csproj", "{E7C26DA0-F00D-4009-AEF3-75D4397CD71D}"
EndProject
Project("{FAE04EC0-301F-11D3-BF4B-00C04F79EFBC}") = "App", "App\App.csproj", "{C33EDCFA-6ADA-48F1-BF34-9C1370B565E5}"
EndProject
Project("{FAE04EC0-301F-11D3-BF4B-00C04F79EFBC}") = "MemoryExtensions.Benchmarks", "MemoryExtensions.Benchmarks\MemoryExtensions.Benchmarks.csproj", "{D7E89A47-9952-4B5B-9676-0108DC18D925}"
EndProject
Global
	GlobalSection(SolutionConfigurationPlatforms) = preSolution
		Debug|Any CPU = Debug|Any CPU
		Release|Any CPU = Release|Any CPU
	EndGlobalSection
	GlobalSection(ProjectConfigurationPlatforms) = postSolution
		{E7C26DA0-F00D-4009-AEF3-75D4397CD71D}.Debug|Any CPU.ActiveCfg = Debug|Any CPU
		{E7C26DA0-F00D-4009-AEF3-75D4397CD71D}.Debug|Any CPU.Build.0 = Debug|Any CPU
		{E7C26DA0-F00D-4009-AEF3-75D4397CD71D}.Release|Any CPU.ActiveCfg = Release|Any CPU
		{E7C26DA0-F00D-4009-AEF3-75D4397CD71D}.Release|Any CPU.Build.0 = Release|Any CPU
		{C33EDCFA-6ADA-48F1-BF34-9C1370B565E5}.Debug|Any CPU.ActiveCfg = Debug|Any CPU
		{C33EDCFA-6ADA-48F1-BF34-9C1370B565E5}.Debug|Any CPU.Build.0 = Debug|Any CPU
		{C33EDCFA-6ADA-48F1-BF34-9C1370B565E5}.Release|Any CPU.ActiveCfg = Release|Any CPU
		{C33EDCFA-6ADA-48F1-BF34-9C1370B565E5}.Release|Any CPU.Build.0 = Release|Any CPU
		{D7E89A47-9952-4B5B-9676-0108DC18D925}.Debug|Any CPU.ActiveCfg = Debug|Any CPU
		{D7E89A47-9952-4B5B-9676-0108DC18D925}.Debug|Any CPU.Build.0 = Debug|Any CPU
		{D7E89A47-9952-4B5B-9676-0108DC18D925}.Release|Any CPU.ActiveCfg = Release|Any CPU
		{D7E89A47-9952-4B5B-9676-0108DC18D925}.Release|Any CPU.Build.0 = Release|Any CPU
	EndGlobalSection
	GlobalSection(SolutionProperties) = preSolution
		HideSolutionNode = FALSE
	EndGlobalSection
	GlobalSection(ExtensibilityGlobals) = postSolution
		SolutionGuid = {93A93A7E-E3AA-4019-B00A-B68E01D0FFA3}
	EndGlobalSection
EndGlobal
